# This file is automatically @generated by Poetry and should not be changed by hand.

[[package]]
name = "appdirs"
version = "1.4.4"
description = "A small Python module for determining appropriate platform-specific dirs, e.g. a \"user data dir\"."
category = "main"
optional = false
python-versions = "*"
files = [
    {file = "appdirs-1.4.4-py2.py3-none-any.whl", hash = "sha256:a841dacd6b99318a741b166adb07e19ee71a274450e68237b4650ca1055ab128"},
    {file = "appdirs-1.4.4.tar.gz", hash = "sha256:7d5d0167b2b1ba821647616af46a749d1c653740dd0d2415100fe26e27afdf41"},
]

[[package]]
name = "biopython"
version = "1.80"
description = "Freely available tools for computational molecular biology."
category = "main"
optional = false
python-versions = ">=3.7"
files = [
    {file = "biopython-1.80-cp310-cp310-macosx_10_9_x86_64.whl", hash = "sha256:7c028b6129505e40efaeb70cc9ee034da83be743049315e124e5d44ec0e43494"},
    {file = "biopython-1.80-cp310-cp310-manylinux_2_17_x86_64.manylinux2014_x86_64.whl", hash = "sha256:2fa77bf8a99e5acc82518805a07cfb01bb98bf9439fed3e2764df57ae52b1614"},
    {file = "biopython-1.80-cp310-cp310-win32.whl", hash = "sha256:299b2402eb7145b56d8c9a2418bb5b36c3ceadc7b1e915e0dd0062973281affa"},
    {file = "biopython-1.80-cp310-cp310-win_amd64.whl", hash = "sha256:c3cedd2d7935084f8e929e5f516218845eaea4b06e6ac14ef400906dc48214a9"},
    {file = "biopython-1.80-cp311-cp311-macosx_10_9_x86_64.whl", hash = "sha256:bc8e00f3f3704f1e6aa0a67c19874c5a848ff827e31c7226b495c258d079f329"},
    {file = "biopython-1.80-cp311-cp311-manylinux_2_17_x86_64.manylinux2014_x86_64.whl", hash = "sha256:24b0376a1df657531cb9c6d221ef8e7956dd52533f550a8548572e875b4877c8"},
    {file = "biopython-1.80-cp311-cp311-win32.whl", hash = "sha256:0766783ec50a100dc12636c9f261cb46c438ba56be33b4e27c68b9b98c80a102"},
    {file = "biopython-1.80-cp311-cp311-win_amd64.whl", hash = "sha256:2a324830cff00e706d7010efb3013348bdabdacf42496cc706d2a2fd34d3fe17"},
    {file = "biopython-1.80-cp37-cp37m-macosx_10_9_x86_64.whl", hash = "sha256:f4f14294976f7fe309147537b0bed618c193dccb446798f2db8a16977f064cb7"},
    {file = "biopython-1.80-cp37-cp37m-manylinux_2_17_x86_64.manylinux2014_x86_64.whl", hash = "sha256:043a8fc0b0bd5593c748dce54b89f8dd978cd67c720427abe857ae64f85ef6d3"},
    {file = "biopython-1.80-cp37-cp37m-manylinux_2_5_i686.manylinux1_i686.manylinux_2_17_i686.manylinux2014_i686.whl", hash = "sha256:0b7904908f5c05f1cc0ecf3f02854f73e3dd7ed7b531e00c7bda04bbea91d271"},
    {file = "biopython-1.80-cp37-cp37m-win32.whl", hash = "sha256:91b0347251c9b3e6bdbfd2fadb2aab2f91420f46ec9e9599e64e6cb0efe54462"},
    {file = "biopython-1.80-cp37-cp37m-win_amd64.whl", hash = "sha256:bf2c70e2eff50ab78fbb944a359baeb765923873fb6e8b1ec24bd3a84a781e3c"},
    {file = "biopython-1.80-cp38-cp38-macosx_10_9_x86_64.whl", hash = "sha256:2274f399b09a1ebdabf37a19fab7a325e2e2dfa87b5c838d86ad4e8cfadbcd78"},
    {file = "biopython-1.80-cp38-cp38-manylinux_2_17_x86_64.manylinux2014_x86_64.whl", hash = "sha256:c73edaccbeac6bec51368f4970169cd0b62a468ba18cde2cf3c12d6f706f9d05"},
    {file = "biopython-1.80-cp38-cp38-manylinux_2_5_i686.manylinux1_i686.manylinux_2_17_i686.manylinux2014_i686.whl", hash = "sha256:33b92ca2cb43cccbd0018143b265bb4fbc34e7333ea4594972aa7e7db246bc7e"},
    {file = "biopython-1.80-cp38-cp38-win32.whl", hash = "sha256:e4abbcec3d84587bf2f32669b0f1ff60ff42838581203603bc641da5e5bd0354"},
    {file = "biopython-1.80-cp38-cp38-win_amd64.whl", hash = "sha256:d565f1a9cc7508dfe8b09bbd36d4f69f6bcbb58b54d483b6a3ab2ca96f3977ba"},
    {file = "biopython-1.80-cp39-cp39-macosx_10_9_x86_64.whl", hash = "sha256:9ab20351dda7b2b1951481586acf6299593541069301422d178ee82ac7d66845"},
    {file = "biopython-1.80-cp39-cp39-manylinux_2_17_x86_64.manylinux2014_x86_64.whl", hash = "sha256:013c664418ee47ec3ac459c924d0fe8193240b384dc3f1ae00fb69b39eebdb2b"},
    {file = "biopython-1.80-cp39-cp39-manylinux_2_5_i686.manylinux1_i686.manylinux_2_17_i686.manylinux2014_i686.whl", hash = "sha256:5d91b0bf503bc69accdb1b6d549f195ba421c5e6c55535de593a4b06cc1fb699"},
    {file = "biopython-1.80-cp39-cp39-win32.whl", hash = "sha256:063b1de90331f52f4617821b7ba0e6a2846c06028844ba0d047573da8b1b4ea1"},
    {file = "biopython-1.80-cp39-cp39-win_amd64.whl", hash = "sha256:4782e1ba91069f12f9a526a4291c71d6aafb08503f72fb250aafeb6fb811278c"},
    {file = "biopython-1.80.tar.gz", hash = "sha256:52805e9af88767e450e2df8113b5bc59e964e2e8a7bb803a83570bdbb51c0e43"},
]

[package.dependencies]
numpy = "*"

[[package]]
name = "networkx"
version = "2.8.8"
description = "Python package for creating and manipulating graphs and networks"
category = "main"
optional = false
python-versions = ">=3.8"
files = [
    {file = "networkx-2.8.8-py3-none-any.whl", hash = "sha256:e435dfa75b1d7195c7b8378c3859f0445cd88c6b0375c181ed66823a9ceb7524"},
    {file = "networkx-2.8.8.tar.gz", hash = "sha256:230d388117af870fce5647a3c52401fcf753e94720e6ea6b4197a5355648885e"},
]

[package.extras]
default = ["matplotlib (>=3.4)", "numpy (>=1.19)", "pandas (>=1.3)", "scipy (>=1.8)"]
developer = ["mypy (>=0.982)", "pre-commit (>=2.20)"]
doc = ["nb2plots (>=0.6)", "numpydoc (>=1.5)", "pillow (>=9.2)", "pydata-sphinx-theme (>=0.11)", "sphinx (>=5.2)", "sphinx-gallery (>=0.11)", "texext (>=0.6.6)"]
extra = ["lxml (>=4.6)", "pydot (>=1.4.2)", "pygraphviz (>=1.9)", "sympy (>=1.10)"]
test = ["codecov (>=2.1)", "pytest (>=7.2)", "pytest-cov (>=4.0)"]

[[package]]
name = "numpy"
version = "1.24.1"
description = "Fundamental package for array computing in Python"
category = "main"
optional = false
python-versions = ">=3.8"
files = [
    {file = "numpy-1.24.1-cp310-cp310-macosx_10_9_x86_64.whl", hash = "sha256:179a7ef0889ab769cc03573b6217f54c8bd8e16cef80aad369e1e8185f994cd7"},
    {file = "numpy-1.24.1-cp310-cp310-macosx_11_0_arm64.whl", hash = "sha256:b09804ff570b907da323b3d762e74432fb07955701b17b08ff1b5ebaa8cfe6a9"},
    {file = "numpy-1.24.1-cp310-cp310-manylinux_2_17_aarch64.manylinux2014_aarch64.whl", hash = "sha256:f1b739841821968798947d3afcefd386fa56da0caf97722a5de53e07c4ccedc7"},
    {file = "numpy-1.24.1-cp310-cp310-manylinux_2_17_x86_64.manylinux2014_x86_64.whl", hash = "sha256:0e3463e6ac25313462e04aea3fb8a0a30fb906d5d300f58b3bc2c23da6a15398"},
    {file = "numpy-1.24.1-cp310-cp310-win32.whl", hash = "sha256:b31da69ed0c18be8b77bfce48d234e55d040793cebb25398e2a7d84199fbc7e2"},
    {file = "numpy-1.24.1-cp310-cp310-win_amd64.whl", hash = "sha256:b07b40f5fb4fa034120a5796288f24c1fe0e0580bbfff99897ba6267af42def2"},
    {file = "numpy-1.24.1-cp311-cp311-macosx_10_9_x86_64.whl", hash = "sha256:7094891dcf79ccc6bc2a1f30428fa5edb1e6fb955411ffff3401fb4ea93780a8"},
    {file = "numpy-1.24.1-cp311-cp311-macosx_11_0_arm64.whl", hash = "sha256:28e418681372520c992805bb723e29d69d6b7aa411065f48216d8329d02ba032"},
    {file = "numpy-1.24.1-cp311-cp311-manylinux_2_17_aarch64.manylinux2014_aarch64.whl", hash = "sha256:e274f0f6c7efd0d577744f52032fdd24344f11c5ae668fe8d01aac0422611df1"},
    {file = "numpy-1.24.1-cp311-cp311-manylinux_2_17_x86_64.manylinux2014_x86_64.whl", hash = "sha256:0044f7d944ee882400890f9ae955220d29b33d809a038923d88e4e01d652acd9"},
    {file = "numpy-1.24.1-cp311-cp311-win32.whl", hash = "sha256:442feb5e5bada8408e8fcd43f3360b78683ff12a4444670a7d9e9824c1817d36"},
    {file = "numpy-1.24.1-cp311-cp311-win_amd64.whl", hash = "sha256:de92efa737875329b052982e37bd4371d52cabf469f83e7b8be9bb7752d67e51"},
    {file = "numpy-1.24.1-cp38-cp38-macosx_10_9_x86_64.whl", hash = "sha256:b162ac10ca38850510caf8ea33f89edcb7b0bb0dfa5592d59909419986b72407"},
    {file = "numpy-1.24.1-cp38-cp38-macosx_11_0_arm64.whl", hash = "sha256:26089487086f2648944f17adaa1a97ca6aee57f513ba5f1c0b7ebdabbe2b9954"},
    {file = "numpy-1.24.1-cp38-cp38-manylinux_2_17_aarch64.manylinux2014_aarch64.whl", hash = "sha256:caf65a396c0d1f9809596be2e444e3bd4190d86d5c1ce21f5fc4be60a3bc5b36"},
    {file = "numpy-1.24.1-cp38-cp38-manylinux_2_17_x86_64.manylinux2014_x86_64.whl", hash = "sha256:b0677a52f5d896e84414761531947c7a330d1adc07c3a4372262f25d84af7bf7"},
    {file = "numpy-1.24.1-cp38-cp38-win32.whl", hash = "sha256:dae46bed2cb79a58d6496ff6d8da1e3b95ba09afeca2e277628171ca99b99db1"},
    {file = "numpy-1.24.1-cp38-cp38-win_amd64.whl", hash = "sha256:6ec0c021cd9fe732e5bab6401adea5a409214ca5592cd92a114f7067febcba0c"},
    {file = "numpy-1.24.1-cp39-cp39-macosx_10_9_x86_64.whl", hash = "sha256:28bc9750ae1f75264ee0f10561709b1462d450a4808cd97c013046073ae64ab6"},
    {file = "numpy-1.24.1-cp39-cp39-macosx_11_0_arm64.whl", hash = "sha256:84e789a085aabef2f36c0515f45e459f02f570c4b4c4c108ac1179c34d475ed7"},
    {file = "numpy-1.24.1-cp39-cp39-manylinux_2_17_aarch64.manylinux2014_aarch64.whl", hash = "sha256:8e669fbdcdd1e945691079c2cae335f3e3a56554e06bbd45d7609a6cf568c700"},
    {file = "numpy-1.24.1-cp39-cp39-manylinux_2_17_x86_64.manylinux2014_x86_64.whl", hash = "sha256:ef85cf1f693c88c1fd229ccd1055570cb41cdf4875873b7728b6301f12cd05bf"},
    {file = "numpy-1.24.1-cp39-cp39-win32.whl", hash = "sha256:87a118968fba001b248aac90e502c0b13606721b1343cdaddbc6e552e8dfb56f"},
    {file = "numpy-1.24.1-cp39-cp39-win_amd64.whl", hash = "sha256:ddc7ab52b322eb1e40521eb422c4e0a20716c271a306860979d450decbb51b8e"},
    {file = "numpy-1.24.1-pp38-pypy38_pp73-macosx_10_9_x86_64.whl", hash = "sha256:ed5fb71d79e771ec930566fae9c02626b939e37271ec285e9efaf1b5d4370e7d"},
    {file = "numpy-1.24.1-pp38-pypy38_pp73-manylinux_2_17_x86_64.manylinux2014_x86_64.whl", hash = "sha256:ad2925567f43643f51255220424c23d204024ed428afc5aad0f86f3ffc080086"},
    {file = "numpy-1.24.1-pp38-pypy38_pp73-win_amd64.whl", hash = "sha256:cfa1161c6ac8f92dea03d625c2d0c05e084668f4a06568b77a25a89111621566"},
    {file = "numpy-1.24.1.tar.gz", hash = "sha256:2386da9a471cc00a1f47845e27d916d5ec5346ae9696e01a8a34760858fe9dd2"},
]

[[package]]
name = "prettytable"
version = "3.6.0"
description = "A simple Python library for easily displaying tabular data in a visually appealing ASCII table format"
category = "main"
optional = false
python-versions = ">=3.7"
files = [
    {file = "prettytable-3.6.0-py3-none-any.whl", hash = "sha256:3b767129491767a3a5108e6f305cbaa650f8020a7db5dfe994a2df7ef7bad0fe"},
    {file = "prettytable-3.6.0.tar.gz", hash = "sha256:2e0026af955b4ea67b22122f310b90eae890738c08cb0458693a49b6221530ac"},
]

[package.dependencies]
wcwidth = "*"

[package.extras]
tests = ["pytest", "pytest-cov", "pytest-lazy-fixture"]

[[package]]
name = "pyfiglet"
version = "0.8.post1"
description = "Pure-python FIGlet implementation"
category = "main"
optional = false
python-versions = "*"
files = [
    {file = "pyfiglet-0.8.post1-py2.py3-none-any.whl", hash = "sha256:d555bcea17fbeaf70eaefa48bb119352487e629c9b56f30f383e2c62dd67a01c"},
    {file = "pyfiglet-0.8.post1.tar.gz", hash = "sha256:c6c2321755d09267b438ec7b936825a4910fec696292139e664ca8670e103639"},
]

[[package]]
name = "pyperclip"
version = "1.8.2"
description = "A cross-platform clipboard module for Python. (Only handles plain text for now.)"
category = "main"
optional = false
python-versions = "*"
files = [
    {file = "pyperclip-1.8.2.tar.gz", hash = "sha256:105254a8b04934f0bc84e9c24eb360a591aaf6535c9def5f29d92af107a9bf57"},
]

[[package]]
name = "wcwidth"
version = "0.2.6"
description = "Measures the displayed width of unicode strings in a terminal"
category = "main"
optional = false
python-versions = "*"
files = [
    {file = "wcwidth-0.2.6-py2.py3-none-any.whl", hash = "sha256:795b138f6875577cd91bba52baf9e445cd5118fd32723b460e30a0af30ea230e"},
    {file = "wcwidth-0.2.6.tar.gz", hash = "sha256:a5220780a404dbe3353789870978e472cfe477761f06ee55077256e509b156d0"},
]

[metadata]
lock-version = "2.0"
python-versions = "^3.8"
content-hash = "7c1c2d389058ddd586bee444f40a42982298a986b56cf5d3625d2c8a7a6421df"
